<Solution>
  <Folder Name="/src/">
    <Project Path="src/ESDEMO.Api/ESDEMO.Api.csproj" />
    <Project Path="src/ESDEMO.Application/ESDEMO.Application.csproj" />
    <Project Path="src/ESDEMO.Domain/ESDEMO.Domain.csproj" />
    <Project Path="src/ESDEMO.Infrastructure/ESDEMO.Infrastructure.csproj" />
    <Project Path="src/ESDEMO.Worker/ESDEMO.Worker.csproj" />
  </Folder>
  <Folder Name="/tests/">
    <Project Path="tests/ESDEMO.UnitTests/ESDEMO.UnitTests.csproj" />
    <Project Path="tests/ESDEMO.IntegrationTests/ESDEMO.IntegrationTests.csproj" />
  </Folder>
</Solution>
